
Microsoft Visual Studio Solution File, Format Version 12.00
# Visual Studio Version 17
VisualStudioVersion = 17.14.36414.22 d17.14
MinimumVisualStudioVersion = 10.0.40219.1
Project("{FAE04EC0-301F-11D3-BF4B-00C04F79EFBC}") = "Stripe", "Stripe.csproj", "{31648ED7-4B19-4409-9962-5449EC37C337}"
EndProject
Global
	GlobalSection(SolutionConfigurationPlatforms) = preSolution
		Debug|Any CPU = Debug|Any CPU
		Release|Any CPU = Release|Any CPU
	EndGlobalSection
	GlobalSection(ProjectConfigurationPlatforms) = postSolution
		{31648ED7-4B19-4409-9962-5449EC37C337}.Debug|Any CPU.ActiveCfg = Debug|Any CPU
		{31648ED7-4B19-4409-9962-5449EC37C337}.Debug|Any CPU.Build.0 = Debug|Any CPU
		{31648ED7-4B19-4409-9962-5449EC37C337}.Release|Any CPU.ActiveCfg = Release|Any CPU
		{31648ED7-4B19-4409-9962-5449EC37C337}.Release|Any CPU.Build.0 = Release|Any CPU
	EndGlobalSection
	GlobalSection(SolutionProperties) = preSolution
		HideSolutionNode = FALSE
	EndGlobalSection
	GlobalSection(ExtensibilityGlobals) = postSolution
		SolutionGuid = {14C20A28-994F-4635-A935-29B446CE9D28}
	EndGlobalSection
EndGlobal
